
Microsoft Visual Studio Solution File, Format Version 12.00
# Visual Studio Version 16
VisualStudioVersion = 16.0.31424.327
MinimumVisualStudioVersion = 10.0.40219.1
Project("{FAE04EC0-301F-11D3-BF4B-00C04F79EFBC}") = "ProductReviewManagement", "ProductReviewManagement.csproj", "{C65CD876-199B-4541-8C96-B9A02C186C14}"
EndProject
Global
	GlobalSection(SolutionConfigurationPlatforms) = preSolution
		Debug|Any CPU = Debug|Any CPU
		Release|Any CPU = Release|Any CPU
	EndGlobalSection
	GlobalSection(ProjectConfigurationPlatforms) = postSolution
		{C65CD876-199B-4541-8C96-B9A02C186C14}.Debug|Any CPU.ActiveCfg = Debug|Any CPU
		{C65CD876-199B-4541-8C96-B9A02C186C14}.Debug|Any CPU.Build.0 = Debug|Any CPU
		{C65CD876-199B-4541-8C96-B9A02C186C14}.Release|Any CPU.ActiveCfg = Release|Any CPU
		{C65CD876-199B-4541-8C96-B9A02C186C14}.Release|Any CPU.Build.0 = Release|Any CPU
	EndGlobalSection
	GlobalSection(SolutionProperties) = preSolution
		HideSolutionNode = FALSE
	EndGlobalSection
	GlobalSection(ExtensibilityGlobals) = postSolution
		SolutionGuid = {F5B7C68A-E93E-4E43-8F8E-984CF12726D5}
	EndGlobalSection
EndGlobal
